
Microsoft Visual Studio Solution File, Format Version 12.00
# Visual Studio 15
VisualStudioVersion = 15.0.28010.2036
MinimumVisualStudioVersion = 10.0.40219.1
Project("{9A19103F-16F7-4668-BE54-9A1E7A4F7556}") = "00. Stack Demo", "00. Stack Demo\00. Stack Demo.csproj", "{467FCD27-5B3D-4396-8DDB-302362C74F22}"
EndProject
Project("{FAE04EC0-301F-11D3-BF4B-00C04F79EFBC}") = "01. Hot Potato", "01. Hot Potato\01. Hot Potato.csproj", "{0BEBF3D9-7F47-40BB-9435-EDD6305473A5}"
EndProject
Global
	GlobalSection(SolutionConfigurationPlatforms) = preSolution
		Debug|Any CPU = Debug|Any CPU
		Release|Any CPU = Release|Any CPU
	EndGlobalSection
	GlobalSection(ProjectConfigurationPlatforms) = postSolution
		{467FCD27-5B3D-4396-8DDB-302362C74F22}.Debug|Any CPU.ActiveCfg = Debug|Any CPU
		{467FCD27-5B3D-4396-8DDB-302362C74F22}.Debug|Any CPU.Build.0 = Debug|Any CPU
		{467FCD27-5B3D-4396-8DDB-302362C74F22}.Release|Any CPU.ActiveCfg = Release|Any CPU
		{467FCD27-5B3D-4396-8DDB-302362C74F22}.Release|Any CPU.Build.0 = Release|Any CPU
		{0BEBF3D9-7F47-40BB-9435-EDD6305473A5}.Debug|Any CPU.ActiveCfg = Debug|Any CPU
		{0BEBF3D9-7F47-40BB-9435-EDD6305473A5}.Debug|Any CPU.Build.0 = Debug|Any CPU
		{0BEBF3D9-7F47-40BB-9435-EDD6305473A5}.Release|Any CPU.ActiveCfg = Release|Any CPU
		{0BEBF3D9-7F47-40BB-9435-EDD6305473A5}.Release|Any CPU.Build.0 = Release|Any CPU
	EndGlobalSection
	GlobalSection(SolutionProperties) = preSolution
		HideSolutionNode = FALSE
	EndGlobalSection
	GlobalSection(ExtensibilityGlobals) = postSolution
		SolutionGuid = {7A6DCA54-69EB-4473-80A5-CA854BDE204E}
	EndGlobalSection
EndGlobal
