
Microsoft Visual Studio Solution File, Format Version 12.00
# Visual Studio Version 16
VisualStudioVersion = 16.0.29509.3
MinimumVisualStudioVersion = 10.0.40219.1
Project("{FAE04EC0-301F-11D3-BF4B-00C04F79EFBC}") = "HTTP Server", "HTTP Server\HTTP Server.csproj", "{A6008F06-4A1C-462E-82D0-F9D8CB5AF960}"
EndProject
Global
	GlobalSection(SolutionConfigurationPlatforms) = preSolution
		Debug|Any CPU = Debug|Any CPU
		Release|Any CPU = Release|Any CPU
	EndGlobalSection
	GlobalSection(ProjectConfigurationPlatforms) = postSolution
		{A6008F06-4A1C-462E-82D0-F9D8CB5AF960}.Debug|Any CPU.ActiveCfg = Debug|Any CPU
		{A6008F06-4A1C-462E-82D0-F9D8CB5AF960}.Debug|Any CPU.Build.0 = Debug|Any CPU
		{A6008F06-4A1C-462E-82D0-F9D8CB5AF960}.Release|Any CPU.ActiveCfg = Release|Any CPU
		{A6008F06-4A1C-462E-82D0-F9D8CB5AF960}.Release|Any CPU.Build.0 = Release|Any CPU
	EndGlobalSection
	GlobalSection(SolutionProperties) = preSolution
		HideSolutionNode = FALSE
	EndGlobalSection
	GlobalSection(ExtensibilityGlobals) = postSolution
		SolutionGuid = {72E65178-6152-4206-8299-20680BE6BDB9}
	EndGlobalSection
EndGlobal
