
Microsoft Visual Studio Solution File, Format Version 12.00
# Visual Studio Version 16
VisualStudioVersion = 16.0.29509.3
MinimumVisualStudioVersion = 10.0.40219.1
Project("{FAE04EC0-301F-11D3-BF4B-00C04F79EFBC}") = "00. Code first demo", "00. Code first demo\00. Code first demo.csproj", "{931AD93F-3059-44D4-B72F-EEF67E91B584}"
EndProject
Global
	GlobalSection(SolutionConfigurationPlatforms) = preSolution
		Debug|Any CPU = Debug|Any CPU
		Release|Any CPU = Release|Any CPU
	EndGlobalSection
	GlobalSection(ProjectConfigurationPlatforms) = postSolution
		{931AD93F-3059-44D4-B72F-EEF67E91B584}.Debug|Any CPU.ActiveCfg = Debug|Any CPU
		{931AD93F-3059-44D4-B72F-EEF67E91B584}.Debug|Any CPU.Build.0 = Debug|Any CPU
		{931AD93F-3059-44D4-B72F-EEF67E91B584}.Release|Any CPU.ActiveCfg = Release|Any CPU
		{931AD93F-3059-44D4-B72F-EEF67E91B584}.Release|Any CPU.Build.0 = Release|Any CPU
	EndGlobalSection
	GlobalSection(SolutionProperties) = preSolution
		HideSolutionNode = FALSE
	EndGlobalSection
	GlobalSection(ExtensibilityGlobals) = postSolution
		SolutionGuid = {1C89836D-35EB-425E-90F2-549DECFE72F6}
	EndGlobalSection
EndGlobal
