
Microsoft Visual Studio Solution File, Format Version 12.00
# Visual Studio Version 16
VisualStudioVersion = 16.0.29509.3
MinimumVisualStudioVersion = 10.0.40219.1
Project("{FAE04EC0-301F-11D3-BF4B-00C04F79EFBC}") = "Auto Mapping Objects", "Auto Mapping Objects\Auto Mapping Objects.csproj", "{9517BC9A-A3C7-4155-828A-83E8D506537E}"
EndProject
Global
	GlobalSection(SolutionConfigurationPlatforms) = preSolution
		Debug|Any CPU = Debug|Any CPU
		Release|Any CPU = Release|Any CPU
	EndGlobalSection
	GlobalSection(ProjectConfigurationPlatforms) = postSolution
		{9517BC9A-A3C7-4155-828A-83E8D506537E}.Debug|Any CPU.ActiveCfg = Debug|Any CPU
		{9517BC9A-A3C7-4155-828A-83E8D506537E}.Debug|Any CPU.Build.0 = Debug|Any CPU
		{9517BC9A-A3C7-4155-828A-83E8D506537E}.Release|Any CPU.ActiveCfg = Release|Any CPU
		{9517BC9A-A3C7-4155-828A-83E8D506537E}.Release|Any CPU.Build.0 = Release|Any CPU
	EndGlobalSection
	GlobalSection(SolutionProperties) = preSolution
		HideSolutionNode = FALSE
	EndGlobalSection
	GlobalSection(ExtensibilityGlobals) = postSolution
		SolutionGuid = {C1741F88-F52F-46A1-93B2-6E8D103F5D24}
	EndGlobalSection
EndGlobal
