
Microsoft Visual Studio Solution File, Format Version 12.00
# Visual Studio 15
VisualStudioVersion = 15.0.28010.2036
MinimumVisualStudioVersion = 10.0.40219.1
Project("{FAE04EC0-301F-11D3-BF4B-00C04F79EFBC}") = "01. Box", "01. Box\01. Box.csproj", "{3816098D-66D3-4C1B-A6BC-48D4B65B7E68}"
EndProject
Project("{FAE04EC0-301F-11D3-BF4B-00C04F79EFBC}") = "02. Array Creator", "02. Array Creator\02. Array Creator.csproj", "{33961BFA-FE7F-4A1B-9A7F-344783EBC7EA}"
EndProject
Project("{FAE04EC0-301F-11D3-BF4B-00C04F79EFBC}") = "03. Generic Scale", "03. Generic Scale\03. Generic Scale.csproj", "{3C765AAB-BBF0-44BB-901F-3F20A1599C44}"
EndProject
Global
	GlobalSection(SolutionConfigurationPlatforms) = preSolution
		Debug|Any CPU = Debug|Any CPU
		Release|Any CPU = Release|Any CPU
	EndGlobalSection
	GlobalSection(ProjectConfigurationPlatforms) = postSolution
		{3816098D-66D3-4C1B-A6BC-48D4B65B7E68}.Debug|Any CPU.ActiveCfg = Debug|Any CPU
		{3816098D-66D3-4C1B-A6BC-48D4B65B7E68}.Debug|Any CPU.Build.0 = Debug|Any CPU
		{3816098D-66D3-4C1B-A6BC-48D4B65B7E68}.Release|Any CPU.ActiveCfg = Release|Any CPU
		{3816098D-66D3-4C1B-A6BC-48D4B65B7E68}.Release|Any CPU.Build.0 = Release|Any CPU
		{33961BFA-FE7F-4A1B-9A7F-344783EBC7EA}.Debug|Any CPU.ActiveCfg = Debug|Any CPU
		{33961BFA-FE7F-4A1B-9A7F-344783EBC7EA}.Debug|Any CPU.Build.0 = Debug|Any CPU
		{33961BFA-FE7F-4A1B-9A7F-344783EBC7EA}.Release|Any CPU.ActiveCfg = Release|Any CPU
		{33961BFA-FE7F-4A1B-9A7F-344783EBC7EA}.Release|Any CPU.Build.0 = Release|Any CPU
		{3C765AAB-BBF0-44BB-901F-3F20A1599C44}.Debug|Any CPU.ActiveCfg = Debug|Any CPU
		{3C765AAB-BBF0-44BB-901F-3F20A1599C44}.Debug|Any CPU.Build.0 = Debug|Any CPU
		{3C765AAB-BBF0-44BB-901F-3F20A1599C44}.Release|Any CPU.ActiveCfg = Release|Any CPU
		{3C765AAB-BBF0-44BB-901F-3F20A1599C44}.Release|Any CPU.Build.0 = Release|Any CPU
	EndGlobalSection
	GlobalSection(SolutionProperties) = preSolution
		HideSolutionNode = FALSE
	EndGlobalSection
	GlobalSection(ExtensibilityGlobals) = postSolution
		SolutionGuid = {C77E3C89-03C5-4F83-AFE0-7CD40C824EFB}
	EndGlobalSection
EndGlobal
