
Microsoft Visual Studio Solution File, Format Version 12.00
# Visual Studio 15
VisualStudioVersion = 15.0.28010.2036
MinimumVisualStudioVersion = 10.0.40219.1
Project("{9A19103F-16F7-4668-BE54-9A1E7A4F7556}") = "01. Stealer", "01. Stealer\01. Stealer.csproj", "{EC77C607-6680-49A6-AE9A-653CD65C9C1A}"
EndProject
Project("{9A19103F-16F7-4668-BE54-9A1E7A4F7556}") = "05. Create Attribute", "05. Create Attribute\05. Create Attribute.csproj", "{C6758A60-8396-45E7-8C95-B577A07E1E9F}"
EndProject
Project("{FAE04EC0-301F-11D3-BF4B-00C04F79EFBC}") = "02. High Quality Mistakes", "02. High Quality Mistakes\02. High Quality Mistakes.csproj", "{BE42882D-CBCC-4992-83E0-36C205308B13}"
EndProject
Project("{FAE04EC0-301F-11D3-BF4B-00C04F79EFBC}") = "03. Mission Private Impossible", "03. Mission Private Impossible\03. Mission Private Impossible.csproj", "{14D801B1-6E41-43E7-99CD-EA5142B35543}"
EndProject
Project("{FAE04EC0-301F-11D3-BF4B-00C04F79EFBC}") = "04. Collector", "04. Collector\04. Collector.csproj", "{68EC7540-13E9-47D0-8BF3-69565352BE56}"
EndProject
Project("{FAE04EC0-301F-11D3-BF4B-00C04F79EFBC}") = "06. Coding Tracker", "06. Coding Tracker\06. Coding Tracker.csproj", "{D42D84AA-C6E3-4287-8DBB-C364743A9D8F}"
EndProject
Global
	GlobalSection(SolutionConfigurationPlatforms) = preSolution
		Debug|Any CPU = Debug|Any CPU
		Release|Any CPU = Release|Any CPU
	EndGlobalSection
	GlobalSection(ProjectConfigurationPlatforms) = postSolution
		{EC77C607-6680-49A6-AE9A-653CD65C9C1A}.Debug|Any CPU.ActiveCfg = Debug|Any CPU
		{EC77C607-6680-49A6-AE9A-653CD65C9C1A}.Debug|Any CPU.Build.0 = Debug|Any CPU
		{EC77C607-6680-49A6-AE9A-653CD65C9C1A}.Release|Any CPU.ActiveCfg = Release|Any CPU
		{EC77C607-6680-49A6-AE9A-653CD65C9C1A}.Release|Any CPU.Build.0 = Release|Any CPU
		{C6758A60-8396-45E7-8C95-B577A07E1E9F}.Debug|Any CPU.ActiveCfg = Debug|Any CPU
		{C6758A60-8396-45E7-8C95-B577A07E1E9F}.Debug|Any CPU.Build.0 = Debug|Any CPU
		{C6758A60-8396-45E7-8C95-B577A07E1E9F}.Release|Any CPU.ActiveCfg = Release|Any CPU
		{C6758A60-8396-45E7-8C95-B577A07E1E9F}.Release|Any CPU.Build.0 = Release|Any CPU
		{BE42882D-CBCC-4992-83E0-36C205308B13}.Debug|Any CPU.ActiveCfg = Debug|Any CPU
		{BE42882D-CBCC-4992-83E0-36C205308B13}.Debug|Any CPU.Build.0 = Debug|Any CPU
		{BE42882D-CBCC-4992-83E0-36C205308B13}.Release|Any CPU.ActiveCfg = Release|Any CPU
		{BE42882D-CBCC-4992-83E0-36C205308B13}.Release|Any CPU.Build.0 = Release|Any CPU
		{14D801B1-6E41-43E7-99CD-EA5142B35543}.Debug|Any CPU.ActiveCfg = Debug|Any CPU
		{14D801B1-6E41-43E7-99CD-EA5142B35543}.Debug|Any CPU.Build.0 = Debug|Any CPU
		{14D801B1-6E41-43E7-99CD-EA5142B35543}.Release|Any CPU.ActiveCfg = Release|Any CPU
		{14D801B1-6E41-43E7-99CD-EA5142B35543}.Release|Any CPU.Build.0 = Release|Any CPU
		{68EC7540-13E9-47D0-8BF3-69565352BE56}.Debug|Any CPU.ActiveCfg = Debug|Any CPU
		{68EC7540-13E9-47D0-8BF3-69565352BE56}.Debug|Any CPU.Build.0 = Debug|Any CPU
		{68EC7540-13E9-47D0-8BF3-69565352BE56}.Release|Any CPU.ActiveCfg = Release|Any CPU
		{68EC7540-13E9-47D0-8BF3-69565352BE56}.Release|Any CPU.Build.0 = Release|Any CPU
		{D42D84AA-C6E3-4287-8DBB-C364743A9D8F}.Debug|Any CPU.ActiveCfg = Debug|Any CPU
		{D42D84AA-C6E3-4287-8DBB-C364743A9D8F}.Debug|Any CPU.Build.0 = Debug|Any CPU
		{D42D84AA-C6E3-4287-8DBB-C364743A9D8F}.Release|Any CPU.ActiveCfg = Release|Any CPU
		{D42D84AA-C6E3-4287-8DBB-C364743A9D8F}.Release|Any CPU.Build.0 = Release|Any CPU
	EndGlobalSection
	GlobalSection(SolutionProperties) = preSolution
		HideSolutionNode = FALSE
	EndGlobalSection
	GlobalSection(ExtensibilityGlobals) = postSolution
		SolutionGuid = {A3838D6C-9106-435D-B8CF-3FD3A5AB7E5F}
	EndGlobalSection
EndGlobal
