
Microsoft Visual Studio Solution File, Format Version 12.00
# Visual Studio 15
VisualStudioVersion = 15.0.28010.2036
MinimumVisualStudioVersion = 10.0.40219.1
Project("{FAE04EC0-301F-11D3-BF4B-00C04F79EFBC}") = "01. Trojan Invasion", "01. Trojan Invasion\01. Trojan Invasion.csproj", "{2B48C28F-1BC1-40D4-A9FD-38C531722C43}"
EndProject
Project("{FAE04EC0-301F-11D3-BF4B-00C04F79EFBC}") = "02. Helen's Abduction", "02. Helen's Abduction\02. Helen's Abduction.csproj", "{72875894-3D91-4918-87C1-60FBD79B4E3D}"
EndProject
Project("{FAE04EC0-301F-11D3-BF4B-00C04F79EFBC}") = "FightingArena", "FightingArena\FightingArena.csproj", "{DE42C32B-1D0A-45AF-863D-E1FF81AC9264}"
EndProject
Global
	GlobalSection(SolutionConfigurationPlatforms) = preSolution
		Debug|Any CPU = Debug|Any CPU
		Release|Any CPU = Release|Any CPU
	EndGlobalSection
	GlobalSection(ProjectConfigurationPlatforms) = postSolution
		{2B48C28F-1BC1-40D4-A9FD-38C531722C43}.Debug|Any CPU.ActiveCfg = Debug|Any CPU
		{2B48C28F-1BC1-40D4-A9FD-38C531722C43}.Debug|Any CPU.Build.0 = Debug|Any CPU
		{2B48C28F-1BC1-40D4-A9FD-38C531722C43}.Release|Any CPU.ActiveCfg = Release|Any CPU
		{2B48C28F-1BC1-40D4-A9FD-38C531722C43}.Release|Any CPU.Build.0 = Release|Any CPU
		{72875894-3D91-4918-87C1-60FBD79B4E3D}.Debug|Any CPU.ActiveCfg = Debug|Any CPU
		{72875894-3D91-4918-87C1-60FBD79B4E3D}.Debug|Any CPU.Build.0 = Debug|Any CPU
		{72875894-3D91-4918-87C1-60FBD79B4E3D}.Release|Any CPU.ActiveCfg = Release|Any CPU
		{72875894-3D91-4918-87C1-60FBD79B4E3D}.Release|Any CPU.Build.0 = Release|Any CPU
		{DE42C32B-1D0A-45AF-863D-E1FF81AC9264}.Debug|Any CPU.ActiveCfg = Debug|Any CPU
		{DE42C32B-1D0A-45AF-863D-E1FF81AC9264}.Debug|Any CPU.Build.0 = Debug|Any CPU
		{DE42C32B-1D0A-45AF-863D-E1FF81AC9264}.Release|Any CPU.ActiveCfg = Release|Any CPU
		{DE42C32B-1D0A-45AF-863D-E1FF81AC9264}.Release|Any CPU.Build.0 = Release|Any CPU
	EndGlobalSection
	GlobalSection(SolutionProperties) = preSolution
		HideSolutionNode = FALSE
	EndGlobalSection
	GlobalSection(ExtensibilityGlobals) = postSolution
		SolutionGuid = {EFC9E92F-A42E-492A-A2F1-C7334620B902}
	EndGlobalSection
EndGlobal
