
Microsoft Visual Studio Solution File, Format Version 12.00
# Visual Studio 15
VisualStudioVersion = 15.0.28010.2036
MinimumVisualStudioVersion = 10.0.40219.1
Project("{FAE04EC0-301F-11D3-BF4B-00C04F79EFBC}") = "01. Shapes", "01. Shapes\01. Shapes.csproj", "{84B402AD-0900-40C7-96EB-8BE0B9CC5928}"
EndProject
Project("{FAE04EC0-301F-11D3-BF4B-00C04F79EFBC}") = "02. Cars", "02. Cars\02. Cars.csproj", "{50F4C63A-CE05-4631-BFC1-EB88BB43E6E1}"
EndProject
Global
	GlobalSection(SolutionConfigurationPlatforms) = preSolution
		Debug|Any CPU = Debug|Any CPU
		Release|Any CPU = Release|Any CPU
	EndGlobalSection
	GlobalSection(ProjectConfigurationPlatforms) = postSolution
		{84B402AD-0900-40C7-96EB-8BE0B9CC5928}.Debug|Any CPU.ActiveCfg = Debug|Any CPU
		{84B402AD-0900-40C7-96EB-8BE0B9CC5928}.Debug|Any CPU.Build.0 = Debug|Any CPU
		{84B402AD-0900-40C7-96EB-8BE0B9CC5928}.Release|Any CPU.ActiveCfg = Release|Any CPU
		{84B402AD-0900-40C7-96EB-8BE0B9CC5928}.Release|Any CPU.Build.0 = Release|Any CPU
		{50F4C63A-CE05-4631-BFC1-EB88BB43E6E1}.Debug|Any CPU.ActiveCfg = Debug|Any CPU
		{50F4C63A-CE05-4631-BFC1-EB88BB43E6E1}.Debug|Any CPU.Build.0 = Debug|Any CPU
		{50F4C63A-CE05-4631-BFC1-EB88BB43E6E1}.Release|Any CPU.ActiveCfg = Release|Any CPU
		{50F4C63A-CE05-4631-BFC1-EB88BB43E6E1}.Release|Any CPU.Build.0 = Release|Any CPU
	EndGlobalSection
	GlobalSection(SolutionProperties) = preSolution
		HideSolutionNode = FALSE
	EndGlobalSection
	GlobalSection(ExtensibilityGlobals) = postSolution
		SolutionGuid = {D5FAB2EA-4BE8-46AD-A40B-FC295713E9B3}
	EndGlobalSection
EndGlobal
